
Microsoft Visual Studio Solution File, Format Version 12.00
# Visual Studio 15
VisualStudioVersion = 15.0.28010.2046
MinimumVisualStudioVersion = 10.0.40219.1
Project("{FAE04EC0-301F-11D3-BF4B-00C04F79EFBC}") = "FunctionApp4", "FunctionApp4\FunctionApp4.csproj", "{F4C97BBE-68DE-4BB8-B6F5-541ED29BC7F7}"
EndProject
Global
	GlobalSection(SolutionConfigurationPlatforms) = preSolution
		Debug|Any CPU = Debug|Any CPU
		Release|Any CPU = Release|Any CPU
	EndGlobalSection
	GlobalSection(ProjectConfigurationPlatforms) = postSolution
		{F4C97BBE-68DE-4BB8-B6F5-541ED29BC7F7}.Debug|Any CPU.ActiveCfg = Debug|Any CPU
		{F4C97BBE-68DE-4BB8-B6F5-541ED29BC7F7}.Debug|Any CPU.Build.0 = Debug|Any CPU
		{F4C97BBE-68DE-4BB8-B6F5-541ED29BC7F7}.Release|Any CPU.ActiveCfg = Release|Any CPU
		{F4C97BBE-68DE-4BB8-B6F5-541ED29BC7F7}.Release|Any CPU.Build.0 = Release|Any CPU
	EndGlobalSection
	GlobalSection(SolutionProperties) = preSolution
		HideSolutionNode = FALSE
	EndGlobalSection
	GlobalSection(ExtensibilityGlobals) = postSolution
		SolutionGuid = {2793332E-4F33-452D-B13C-A1C7E56C9F93}
	EndGlobalSection
EndGlobal
